
Microsoft Visual Studio Solution File, Format Version 12.00
# Visual Studio Version 17
VisualStudioVersion = 17.0.31903.59
MinimumVisualStudioVersion = 10.0.40219.1
Project("{FAE04EC0-301F-11D3-BF4B-00C04F79EFBC}") = "Forklift.Core", "Forklift.Core\Forklift.Core.csproj", "{A2B45D39-09C3-4275-B202-80F57A902AD9}"
EndProject
Project("{FAE04EC0-301F-11D3-BF4B-00C04F79EFBC}") = "Forklift.ConsoleClient", "Forklift.ConsoleClient\Forklift.ConsoleClient.csproj", "{7BDF1A93-5159-4251-817D-AAB5B23D6C5C}"
EndProject
Project("{FAE04EC0-301F-11D3-BF4B-00C04F79EFBC}") = "Forklift.Testing", "Forklift.Testing\Forklift.Testing.csproj", "{B78F4520-F219-4D0F-B277-F8688F6C46E0}"
EndProject
Global
	GlobalSection(SolutionConfigurationPlatforms) = preSolution
		Debug|Any CPU = Debug|Any CPU
		Debug|x64 = Debug|x64
		Debug|x86 = Debug|x86
		Release|Any CPU = Release|Any CPU
		Release|x64 = Release|x64
		Release|x86 = Release|x86
	EndGlobalSection
	GlobalSection(ProjectConfigurationPlatforms) = postSolution
		{A2B45D39-09C3-4275-B202-80F57A902AD9}.Debug|Any CPU.ActiveCfg = Debug|Any CPU
		{A2B45D39-09C3-4275-B202-80F57A902AD9}.Debug|Any CPU.Build.0 = Debug|Any CPU
		{A2B45D39-09C3-4275-B202-80F57A902AD9}.Debug|x64.ActiveCfg = Debug|Any CPU
		{A2B45D39-09C3-4275-B202-80F57A902AD9}.Debug|x64.Build.0 = Debug|Any CPU
		{A2B45D39-09C3-4275-B202-80F57A902AD9}.Debug|x86.ActiveCfg = Debug|Any CPU
		{A2B45D39-09C3-4275-B202-80F57A902AD9}.Debug|x86.Build.0 = Debug|Any CPU
		{A2B45D39-09C3-4275-B202-80F57A902AD9}.Release|Any CPU.ActiveCfg = Release|Any CPU
		{A2B45D39-09C3-4275-B202-80F57A902AD9}.Release|Any CPU.Build.0 = Release|Any CPU
		{A2B45D39-09C3-4275-B202-80F57A902AD9}.Release|x64.ActiveCfg = Release|Any CPU
		{A2B45D39-09C3-4275-B202-80F57A902AD9}.Release|x64.Build.0 = Release|Any CPU
		{A2B45D39-09C3-4275-B202-80F57A902AD9}.Release|x86.ActiveCfg = Release|Any CPU
		{A2B45D39-09C3-4275-B202-80F57A902AD9}.Release|x86.Build.0 = Release|Any CPU
		{7BDF1A93-5159-4251-817D-AAB5B23D6C5C}.Debug|Any CPU.ActiveCfg = Debug|Any CPU
		{7BDF1A93-5159-4251-817D-AAB5B23D6C5C}.Debug|Any CPU.Build.0 = Debug|Any CPU
		{7BDF1A93-5159-4251-817D-AAB5B23D6C5C}.Debug|x64.ActiveCfg = Debug|Any CPU
		{7BDF1A93-5159-4251-817D-AAB5B23D6C5C}.Debug|x64.Build.0 = Debug|Any CPU
		{7BDF1A93-5159-4251-817D-AAB5B23D6C5C}.Debug|x86.ActiveCfg = Debug|Any CPU
		{7BDF1A93-5159-4251-817D-AAB5B23D6C5C}.Debug|x86.Build.0 = Debug|Any CPU
		{7BDF1A93-5159-4251-817D-AAB5B23D6C5C}.Release|Any CPU.ActiveCfg = Release|Any CPU
		{7BDF1A93-5159-4251-817D-AAB5B23D6C5C}.Release|Any CPU.Build.0 = Release|Any CPU
		{7BDF1A93-5159-4251-817D-AAB5B23D6C5C}.Release|x64.ActiveCfg = Release|Any CPU
		{7BDF1A93-5159-4251-817D-AAB5B23D6C5C}.Release|x64.Build.0 = Release|Any CPU
		{7BDF1A93-5159-4251-817D-AAB5B23D6C5C}.Release|x86.ActiveCfg = Release|Any CPU
		{7BDF1A93-5159-4251-817D-AAB5B23D6C5C}.Release|x86.Build.0 = Release|Any CPU
		{B78F4520-F219-4D0F-B277-F8688F6C46E0}.Debug|Any CPU.ActiveCfg = Debug|Any CPU
		{B78F4520-F219-4D0F-B277-F8688F6C46E0}.Debug|Any CPU.Build.0 = Debug|Any CPU
		{B78F4520-F219-4D0F-B277-F8688F6C46E0}.Debug|x64.ActiveCfg = Debug|Any CPU
		{B78F4520-F219-4D0F-B277-F8688F6C46E0}.Debug|x64.Build.0 = Debug|Any CPU
		{B78F4520-F219-4D0F-B277-F8688F6C46E0}.Debug|x86.ActiveCfg = Debug|Any CPU
		{B78F4520-F219-4D0F-B277-F8688F6C46E0}.Debug|x86.Build.0 = Debug|Any CPU
		{B78F4520-F219-4D0F-B277-F8688F6C46E0}.Release|Any CPU.ActiveCfg = Release|Any CPU
		{B78F4520-F219-4D0F-B277-F8688F6C46E0}.Release|Any CPU.Build.0 = Release|Any CPU
		{B78F4520-F219-4D0F-B277-F8688F6C46E0}.Release|x64.ActiveCfg = Release|Any CPU
		{B78F4520-F219-4D0F-B277-F8688F6C46E0}.Release|x64.Build.0 = Release|Any CPU
		{B78F4520-F219-4D0F-B277-F8688F6C46E0}.Release|x86.ActiveCfg = Release|Any CPU
		{B78F4520-F219-4D0F-B277-F8688F6C46E0}.Release|x86.Build.0 = Release|Any CPU
	EndGlobalSection
	GlobalSection(SolutionProperties) = preSolution
		HideSolutionNode = FALSE
	EndGlobalSection
EndGlobal
